
Microsoft Visual Studio Solution File, Format Version 12.00
Project("{FAE04EC0-301F-11D3-BF4B-00C04F79EFBC}") = "LsManagerDesktop", "LsManagerDesktop\LsManagerDesktop.csproj", "{B4378936-9FAF-4253-AFBD-550A679348EB}"
EndProject
Project("{FAE04EC0-301F-11D3-BF4B-00C04F79EFBC}") = "Shared", "Shared\Shared.csproj", "{6D7F7E76-42FA-4118-815D-1271414830E2}"
EndProject
Global
	GlobalSection(SolutionConfigurationPlatforms) = preSolution
		Debug|Any CPU = Debug|Any CPU
		Release|Any CPU = Release|Any CPU
	EndGlobalSection
	GlobalSection(ProjectConfigurationPlatforms) = postSolution
		{B4378936-9FAF-4253-AFBD-550A679348EB}.Debug|Any CPU.ActiveCfg = Debug|Any CPU
		{B4378936-9FAF-4253-AFBD-550A679348EB}.Debug|Any CPU.Build.0 = Debug|Any CPU
		{B4378936-9FAF-4253-AFBD-550A679348EB}.Release|Any CPU.ActiveCfg = Release|Any CPU
		{B4378936-9FAF-4253-AFBD-550A679348EB}.Release|Any CPU.Build.0 = Release|Any CPU
		{6D7F7E76-42FA-4118-815D-1271414830E2}.Debug|Any CPU.ActiveCfg = Debug|Any CPU
		{6D7F7E76-42FA-4118-815D-1271414830E2}.Debug|Any CPU.Build.0 = Debug|Any CPU
		{6D7F7E76-42FA-4118-815D-1271414830E2}.Release|Any CPU.ActiveCfg = Release|Any CPU
		{6D7F7E76-42FA-4118-815D-1271414830E2}.Release|Any CPU.Build.0 = Release|Any CPU
	EndGlobalSection
EndGlobal
